// !$*UTF8*$!
{
	archiveVersion = 1;
	classes = {
	};
	objectVersion = 46;
	objects = {

/* Begin PBXBuildFile section */
		8A5CFB9614C10E3900511973 /* UIKit.framework in Frameworks */ = {isa = PBXBuildFile; fileRef = 8A5CFB9514C10E3900511973 /* UIKit.framework */; };
		8A5CFB9814C10E3900511973 /* Foundation.framework in Frameworks */ = {isa = PBXBuildFile; fileRef = 8A5CFB9714C10E3900511973 /* Foundation.framework */; };
		8A5CFB9A14C10E3900511973 /* CoreGraphics.framework in Frameworks */ = {isa = PBXBuildFile; fileRef = 8A5CFB9914C10E3900511973 /* CoreGraphics.framework */; };
		8A5CFBA614C10E3900511973 /* VUAppDelegate.m in Sources */ = {isa = PBXBuildFile; fileRef = 8A5CFBA514C10E3900511973 /* VUAppDelegate.m */; };
		8A5CFBBF14C1111D00511973 /* VUFlattr.m in Sources */ = {isa = PBXBuildFile; fileRef = 8A5CFBBE14C1111D00511973 /* VUFlattr.m */; };
		8A5CFBC114C112AF00511973 /* libOAuth2Client.a in Frameworks */ = {isa = PBXBuildFile; fileRef = 8A5CFBC014C112AF00511973 /* libOAuth2Client.a */; };
		8A5CFBC314C1143300511973 /* Security.framework in Frameworks */ = {isa = PBXBuildFile; fileRef = 8A5CFBC214C1143300511973 /* Security.framework */; };
		8A5CFBC614C116EE00511973 /* VUViewController.m in Sources */ = {isa = PBXBuildFile; fileRef = 8A5CFBC514C116EE00511973 /* VUViewController.m */; };
		8A5CFBDB14C11A1500511973 /* main.m in Sources */ = {isa = PBXBuildFile; fileRef = 8A5CFBDA14C11A1500511973 /* main.m */; };
		8A5CFBDE14C11BBD00511973 /* VUAuthViewController.m in Sources */ = {isa = PBXBuildFile; fileRef = 8A5CFBDD14C11BBD00511973 /* VUAuthViewController.m */; };
		8A5CFBE114C1276100511973 /* VUFlattrUser.m in Sources */ = {isa = PBXBuildFile; fileRef = 8A5CFBE014C1276100511973 /* VUFlattrUser.m */; };
		8A5CFBE414C1277400511973 /* VUFlattrThing.m in Sources */ = {isa = PBXBuildFile; fileRef = 8A5CFBE314C1277400511973 /* VUFlattrThing.m */; };
		8A5CFBEB14C12C2400511973 /* VUFlattrElement.m in Sources */ = {isa = PBXBuildFile; fileRef = 8A5CFBEA14C12C2400511973 /* VUFlattrElement.m */; };
		8A5CFBEF14C1374E00511973 /* NXOAuth2Request+Bearer.m in Sources */ = {isa = PBXBuildFile; fileRef = 8A5CFBEE14C1374E00511973 /* NXOAuth2Request+Bearer.m */; };
		8ACC594114DEDD4800FE8DE9 /* Foundation.framework in Frameworks */ = {isa = PBXBuildFile; fileRef = 8A5CFB9714C10E3900511973 /* Foundation.framework */; };
		8ACC594C14DEDD7B00FE8DE9 /* NXOAuth2Request+Bearer.m in Sources */ = {isa = PBXBuildFile; fileRef = 8A5CFBEE14C1374E00511973 /* NXOAuth2Request+Bearer.m */; };
		8ACC594D14DEDD7B00FE8DE9 /* VUAuthViewController.m in Sources */ = {isa = PBXBuildFile; fileRef = 8A5CFBDD14C11BBD00511973 /* VUAuthViewController.m */; };
		8ACC594E14DEDD7B00FE8DE9 /* VUFlattr.m in Sources */ = {isa = PBXBuildFile; fileRef = 8A5CFBBE14C1111D00511973 /* VUFlattr.m */; };
		8ACC594F14DEDD7B00FE8DE9 /* VUFlattrElement.m in Sources */ = {isa = PBXBuildFile; fileRef = 8A5CFBEA14C12C2400511973 /* VUFlattrElement.m */; };
		8ACC595014DEDD7B00FE8DE9 /* VUFlattrThing.m in Sources */ = {isa = PBXBuildFile; fileRef = 8A5CFBE314C1277400511973 /* VUFlattrThing.m */; };
		8ACC595114DEDD7B00FE8DE9 /* VUFlattrUser.m in Sources */ = {isa = PBXBuildFile; fileRef = 8A5CFBE014C1276100511973 /* VUFlattrUser.m */; };
		8ACC595314DEDDB700FE8DE9 /* libOAuth2Client.a in Frameworks */ = {isa = PBXBuildFile; fileRef = 8ACC595214DEDDB700FE8DE9 /* libOAuth2Client.a */; };
		8ADF5EAE14CC37DE00B0E23F /* flattr-badge-large.png in Resources */ = {isa = PBXBuildFile; fileRef = 8ADF5EAD14CC37DE00B0E23F /* flattr-badge-large.png */; };
		8ADF5EB014CC4DC800B0E23F /* cant-flattr-large.png in Resources */ = {isa = PBXBuildFile; fileRef = 8ADF5EAF14CC4DC800B0E23F /* cant-flattr-large.png */; };
/* End PBXBuildFile section */

/* Begin PBXFileReference section */
		8A5CFB9114C10E3900511973 /* FlattrKit.app */ = {isa = PBXFileReference; explicitFileType = wrapper.application; includeInIndex = 0; path = FlattrKit.app; sourceTree = BUILT_PRODUCTS_DIR; };
		8A5CFB9514C10E3900511973 /* UIKit.framework */ = {isa = PBXFileReference; lastKnownFileType = wrapper.framework; name = UIKit.framework; path = System/Library/Frameworks/UIKit.framework; sourceTree = SDKROOT; };
		8A5CFB9714C10E3900511973 /* Foundation.framework */ = {isa = PBXFileReference; lastKnownFileType = wrapper.framework; name = Foundation.framework; path = System/Library/Frameworks/Foundation.framework; sourceTree = SDKROOT; };
		8A5CFB9914C10E3900511973 /* CoreGraphics.framework */ = {isa = PBXFileReference; lastKnownFileType = wrapper.framework; name = CoreGraphics.framework; path = System/Library/Frameworks/CoreGraphics.framework; sourceTree = SDKROOT; };
		8A5CFB9D14C10E3900511973 /* FlattrKit-Info.plist */ = {isa = PBXFileReference; lastKnownFileType = text.plist; name = "FlattrKit-Info.plist"; path = "Example/FlattrKit-Info.plist"; sourceTree = "<group>"; };
		8A5CFBA314C10E3900511973 /* FlattrKit-Prefix.pch */ = {isa = PBXFileReference; lastKnownFileType = sourcecode.c.h; name = "FlattrKit-Prefix.pch"; path = "FlattrKit/FlattrKit-Prefix.pch"; sourceTree = "<group>"; };
		8A5CFBA414C10E3900511973 /* VUAppDelegate.h */ = {isa = PBXFileReference; lastKnownFileType = sourcecode.c.h; path = VUAppDelegate.h; sourceTree = "<group>"; };
		8A5CFBA514C10E3900511973 /* VUAppDelegate.m */ = {isa = PBXFileReference; lastKnownFileType = sourcecode.c.objc; path = VUAppDelegate.m; sourceTree = "<group>"; };
		8A5CFBBD14C1111D00511973 /* VUFlattr.h */ = {isa = PBXFileReference; fileEncoding = 4; lastKnownFileType = sourcecode.c.h; path = VUFlattr.h; sourceTree = "<group>"; };
		8A5CFBBE14C1111D00511973 /* VUFlattr.m */ = {isa = PBXFileReference; fileEncoding = 4; lastKnownFileType = sourcecode.c.objc; path = VUFlattr.m; sourceTree = "<group>"; };
		8A5CFBC014C112AF00511973 /* libOAuth2Client.a */ = {isa = PBXFileReference; lastKnownFileType = archive.ar; name = libOAuth2Client.a; path = "OAuth2Client/build/Release-iphoneos/libOAuth2Client.a"; sourceTree = "<group>"; };
		8A5CFBC214C1143300511973 /* Security.framework */ = {isa = PBXFileReference; lastKnownFileType = wrapper.framework; name = Security.framework; path = System/Library/Frameworks/Security.framework; sourceTree = SDKROOT; };
		8A5CFBC414C116EE00511973 /* VUViewController.h */ = {isa = PBXFileReference; fileEncoding = 4; lastKnownFileType = sourcecode.c.h; path = VUViewController.h; sourceTree = "<group>"; };
		8A5CFBC514C116EE00511973 /* VUViewController.m */ = {isa = PBXFileReference; fileEncoding = 4; lastKnownFileType = sourcecode.c.objc; path = VUViewController.m; sourceTree = "<group>"; };
		8A5CFBDA14C11A1500511973 /* main.m */ = {isa = PBXFileReference; fileEncoding = 4; lastKnownFileType = sourcecode.c.objc; name = main.m; path = Example/main.m; sourceTree = SOURCE_ROOT; };
		8A5CFBDC14C11BBD00511973 /* VUAuthViewController.h */ = {isa = PBXFileReference; fileEncoding = 4; lastKnownFileType = sourcecode.c.h; path = VUAuthViewController.h; sourceTree = "<group>"; };
		8A5CFBDD14C11BBD00511973 /* VUAuthViewController.m */ = {isa = PBXFileReference; fileEncoding = 4; lastKnownFileType = sourcecode.c.objc; path = VUAuthViewController.m; sourceTree = "<group>"; };
		8A5CFBDF14C1276100511973 /* VUFlattrUser.h */ = {isa = PBXFileReference; fileEncoding = 4; lastKnownFileType = sourcecode.c.h; path = VUFlattrUser.h; sourceTree = "<group>"; };
		8A5CFBE014C1276100511973 /* VUFlattrUser.m */ = {isa = PBXFileReference; fileEncoding = 4; lastKnownFileType = sourcecode.c.objc; path = VUFlattrUser.m; sourceTree = "<group>"; };
		8A5CFBE214C1277400511973 /* VUFlattrThing.h */ = {isa = PBXFileReference; fileEncoding = 4; lastKnownFileType = sourcecode.c.h; path = VUFlattrThing.h; sourceTree = "<group>"; };
		8A5CFBE314C1277400511973 /* VUFlattrThing.m */ = {isa = PBXFileReference; fileEncoding = 4; lastKnownFileType = sourcecode.c.objc; path = VUFlattrThing.m; sourceTree = "<group>"; };
		8A5CFBE514C1279600511973 /* FlattrKit.h */ = {isa = PBXFileReference; fileEncoding = 4; lastKnownFileType = sourcecode.c.h; path = FlattrKit.h; sourceTree = "<group>"; };
		8A5CFBE914C12C2400511973 /* VUFlattrElement.h */ = {isa = PBXFileReference; fileEncoding = 4; lastKnownFileType = sourcecode.c.h; path = VUFlattrElement.h; sourceTree = "<group>"; };
		8A5CFBEA14C12C2400511973 /* VUFlattrElement.m */ = {isa = PBXFileReference; fileEncoding = 4; lastKnownFileType = sourcecode.c.objc; path = VUFlattrElement.m; sourceTree = "<group>"; };
		8A5CFBED14C1374E00511973 /* NXOAuth2Request+Bearer.h */ = {isa = PBXFileReference; fileEncoding = 4; lastKnownFileType = sourcecode.c.h; path = "NXOAuth2Request+Bearer.h"; sourceTree = "<group>"; };
		8A5CFBEE14C1374E00511973 /* NXOAuth2Request+Bearer.m */ = {isa = PBXFileReference; fileEncoding = 4; lastKnownFileType = sourcecode.c.objc; path = "NXOAuth2Request+Bearer.m"; sourceTree = "<group>"; };
		8ACC594014DEDD4800FE8DE9 /* libFlattrKit.a */ = {isa = PBXFileReference; explicitFileType = archive.ar; includeInIndex = 0; path = libFlattrKit.a; sourceTree = BUILT_PRODUCTS_DIR; };
		8ACC595214DEDDB700FE8DE9 /* libOAuth2Client.a */ = {isa = PBXFileReference; lastKnownFileType = archive.ar; name = libOAuth2Client.a; path = "OAuth2Client/build/Release-iphoneos/libOAuth2Client.a"; sourceTree = "<group>"; };
		8ADF5EAD14CC37DE00B0E23F /* flattr-badge-large.png */ = {isa = PBXFileReference; lastKnownFileType = image.png; path = "flattr-badge-large.png"; sourceTree = "<group>"; };
		8ADF5EAF14CC4DC800B0E23F /* cant-flattr-large.png */ = {isa = PBXFileReference; lastKnownFileType = image.png; path = "cant-flattr-large.png"; sourceTree = "<group>"; };
/* End PBXFileReference section */

/* Begin PBXFrameworksBuildPhase section */
		8A5CFB8E14C10E3900511973 /* Frameworks */ = {
			isa = PBXFrameworksBuildPhase;
			buildActionMask = 2147483647;
			files = (
				8A5CFBC314C1143300511973 /* Security.framework in Frameworks */,
				8A5CFBC114C112AF00511973 /* libOAuth2Client.a in Frameworks */,
				8A5CFB9614C10E3900511973 /* UIKit.framework in Frameworks */,
				8A5CFB9814C10E3900511973 /* Foundation.framework in Frameworks */,
				8A5CFB9A14C10E3900511973 /* CoreGraphics.framework in Frameworks */,
			);
			runOnlyForDeploymentPostprocessing = 0;
		};
		8ACC593D14DEDD4800FE8DE9 /* Frameworks */ = {
			isa = PBXFrameworksBuildPhase;
			buildActionMask = 2147483647;
			files = (
				8ACC595314DEDDB700FE8DE9 /* libOAuth2Client.a in Frameworks */,
				8ACC594114DEDD4800FE8DE9 /* Foundation.framework in Frameworks */,
			);
			runOnlyForDeploymentPostprocessing = 0;
		};
/* End PBXFrameworksBuildPhase section */

/* Begin PBXGroup section */
		8A5CFB8614C10E3800511973 = {
			isa = PBXGroup;
			children = (
				8A5CFBAD14C10E8200511973 /* Example */,
				8A5CFB9B14C10E3900511973 /* FlattrKit */,
				8A5CFB9414C10E3900511973 /* Frameworks */,
				8A5CFB9214C10E3900511973 /* Products */,
				8ADF5EAB14CC37C500B0E23F /* Resources */,
			);
			sourceTree = "<group>";
		};
		8A5CFB9214C10E3900511973 /* Products */ = {
			isa = PBXGroup;
			children = (
				8A5CFB9114C10E3900511973 /* FlattrKit.app */,
				8ACC594014DEDD4800FE8DE9 /* libFlattrKit.a */,
			);
			name = Products;
			sourceTree = "<group>";
		};
		8A5CFB9414C10E3900511973 /* Frameworks */ = {
			isa = PBXGroup;
			children = (
				8ACC595214DEDDB700FE8DE9 /* libOAuth2Client.a */,
				8A5CFBC014C112AF00511973 /* libOAuth2Client.a */,
				8A5CFB9914C10E3900511973 /* CoreGraphics.framework */,
				8A5CFB9714C10E3900511973 /* Foundation.framework */,
				8A5CFBC214C1143300511973 /* Security.framework */,
				8A5CFB9514C10E3900511973 /* UIKit.framework */,
			);
			name = Frameworks;
			sourceTree = "<group>";
		};
		8A5CFB9B14C10E3900511973 /* FlattrKit */ = {
			isa = PBXGroup;
			children = (
				8A5CFBEC14C12C2A00511973 /* Private */,
				8A5CFBE514C1279600511973 /* FlattrKit.h */,
				8A5CFBBD14C1111D00511973 /* VUFlattr.h */,
				8A5CFBE214C1277400511973 /* VUFlattrThing.h */,
				8A5CFBDF14C1276100511973 /* VUFlattrUser.h */,
			);
			path = FlattrKit;
			sourceTree = "<group>";
		};
		8A5CFB9C14C10E3900511973 /* Supporting Files */ = {
			isa = PBXGroup;
			children = (
				8A5CFB9D14C10E3900511973 /* FlattrKit-Info.plist */,
				8A5CFBA314C10E3900511973 /* FlattrKit-Prefix.pch */,
				8A5CFBDA14C11A1500511973 /* main.m */,
			);
			name = "Supporting Files";
			path = FlattrKit;
			sourceTree = "<group>";
		};
		8A5CFBAD14C10E8200511973 /* Example */ = {
			isa = PBXGroup;
			children = (
				8A5CFBA414C10E3900511973 /* VUAppDelegate.h */,
				8A5CFBA514C10E3900511973 /* VUAppDelegate.m */,
				8A5CFBC414C116EE00511973 /* VUViewController.h */,
				8A5CFBC514C116EE00511973 /* VUViewController.m */,
				8A5CFB9C14C10E3900511973 /* Supporting Files */,
			);
			path = Example;
			sourceTree = "<group>";
		};
		8A5CFBEC14C12C2A00511973 /* Private */ = {
			isa = PBXGroup;
			children = (
				8A5CFBED14C1374E00511973 /* NXOAuth2Request+Bearer.h */,
				8A5CFBEE14C1374E00511973 /* NXOAuth2Request+Bearer.m */,
				8A5CFBDC14C11BBD00511973 /* VUAuthViewController.h */,
				8A5CFBDD14C11BBD00511973 /* VUAuthViewController.m */,
				8A5CFBBE14C1111D00511973 /* VUFlattr.m */,
				8A5CFBE914C12C2400511973 /* VUFlattrElement.h */,
				8A5CFBEA14C12C2400511973 /* VUFlattrElement.m */,
				8A5CFBE314C1277400511973 /* VUFlattrThing.m */,
				8A5CFBE014C1276100511973 /* VUFlattrUser.m */,
			);
			name = Private;
			sourceTree = "<group>";
		};
		8ADF5EAB14CC37C500B0E23F /* Resources */ = {
			isa = PBXGroup;
			children = (
				8ADF5EAF14CC4DC800B0E23F /* cant-flattr-large.png */,
				8ADF5EAD14CC37DE00B0E23F /* flattr-badge-large.png */,
			);
			name = Resources;
			sourceTree = "<group>";
		};
/* End PBXGroup section */

/* Begin PBXHeadersBuildPhase section */
		8ACC593E14DEDD4800FE8DE9 /* Headers */ = {
			isa = PBXHeadersBuildPhase;
			buildActionMask = 2147483647;
			files = (
			);
			runOnlyForDeploymentPostprocessing = 0;
		};
/* End PBXHeadersBuildPhase section */

/* Begin PBXNativeTarget section */
		8A5CFB9014C10E3900511973 /* FlattrKit */ = {
			isa = PBXNativeTarget;
			buildConfigurationList = 8A5CFBA914C10E3900511973 /* Build configuration list for PBXNativeTarget "FlattrKit" */;
			buildPhases = (
				8A5CFB8D14C10E3900511973 /* Sources */,
				8A5CFB8E14C10E3900511973 /* Frameworks */,
				8A5CFB8F14C10E3900511973 /* Resources */,
				8ADF5EB114CC64D300B0E23F /* ShellScript */,
			);
			buildRules = (
			);
			dependencies = (
			);
			name = FlattrKit;
			productName = FlattrKit;
			productReference = 8A5CFB9114C10E3900511973 /* FlattrKit.app */;
			productType = "com.apple.product-type.application";
		};
		8ACC593F14DEDD4800FE8DE9 /* libFlattrKit */ = {
			isa = PBXNativeTarget;
			buildConfigurationList = 8ACC594A14DEDD4800FE8DE9 /* Build configuration list for PBXNativeTarget "libFlattrKit" */;
			buildPhases = (
				8ACC593C14DEDD4800FE8DE9 /* Sources */,
				8ACC593D14DEDD4800FE8DE9 /* Frameworks */,
				8ACC593E14DEDD4800FE8DE9 /* Headers */,
				8ACC596514DEF05C00FE8DE9 /* ShellScript */,
			);
			buildRules = (
			);
			dependencies = (
			);
			name = libFlattrKit;
			productName = libFlattrKit;
			productReference = 8ACC594014DEDD4800FE8DE9 /* libFlattrKit.a */;
			productType = "com.apple.product-type.library.static";
		};
/* End PBXNativeTarget section */

/* Begin PBXProject section */
		8A5CFB8814C10E3800511973 /* Project object */ = {
			isa = PBXProject;
			attributes = {
				LastUpgradeCheck = 0420;
				ORGANIZATIONNAME = Crocodil.us;
			};
			buildConfigurationList = 8A5CFB8B14C10E3800511973 /* Build configuration list for PBXProject "FlattrKit" */;
			compatibilityVersion = "Xcode 3.2";
			developmentRegion = English;
			hasScannedForEncodings = 0;
			knownRegions = (
				en,
			);
			mainGroup = 8A5CFB8614C10E3800511973;
			productRefGroup = 8A5CFB9214C10E3900511973 /* Products */;
			projectDirPath = "";
			projectRoot = "";
			targets = (
				8A5CFB9014C10E3900511973 /* FlattrKit */,
				8ACC593F14DEDD4800FE8DE9 /* libFlattrKit */,
			);
		};
/* End PBXProject section */

/* Begin PBXResourcesBuildPhase section */
		8A5CFB8F14C10E3900511973 /* Resources */ = {
			isa = PBXResourcesBuildPhase;
			buildActionMask = 2147483647;
			files = (
				8ADF5EAE14CC37DE00B0E23F /* flattr-badge-large.png in Resources */,
				8ADF5EB014CC4DC800B0E23F /* cant-flattr-large.png in Resources */,
			);
			runOnlyForDeploymentPostprocessing = 0;
		};
/* End PBXResourcesBuildPhase section */

/* Begin PBXShellScriptBuildPhase section */
		8ACC596514DEF05C00FE8DE9 /* ShellScript */ = {
			isa = PBXShellScriptBuildPhase;
			buildActionMask = 2147483647;
			files = (
			);
			inputPaths = (
			);
			outputPaths = (
			);
			runOnlyForDeploymentPostprocessing = 0;
			shellPath = /bin/sh;
			shellScript = "KEYWORDS=\"TODO:|FIXME:|\\?\\?\\?:|\\!\\!\\!:\"\nfind \"${SRCROOT}\" \\( -name \"*.h\" -or -name \"*.m\" \\) -print0 | \\\nxargs -0 egrep --with-filename --line-number --only-matching \"($KEYWORDS).*\\$\" | \\\nperl -p -e \"s/($KEYWORDS)/ warning: \\$1/\"";
		};
		8ADF5EB114CC64D300B0E23F /* ShellScript */ = {
			isa = PBXShellScriptBuildPhase;
			buildActionMask = 2147483647;
			files = (
			);
			inputPaths = (
			);
			outputPaths = (
			);
			runOnlyForDeploymentPostprocessing = 0;
			shellPath = /bin/sh;
			shellScript = "KEYWORDS=\"TODO:|FIXME:|\\?\\?\\?:|\\!\\!\\!:\"\nfind \"${SRCROOT}\" \\( -name \"*.h\" -or -name \"*.m\" \\) -print0 | \\\nxargs -0 egrep --with-filename --line-number --only-matching \"($KEYWORDS).*\\$\" | \\\nperl -p -e \"s/($KEYWORDS)/ warning: \\$1/\"";
		};
/* End PBXShellScriptBuildPhase section */

/* Begin PBXSourcesBuildPhase section */
		8A5CFB8D14C10E3900511973 /* Sources */ = {
			isa = PBXSourcesBuildPhase;
			buildActionMask = 2147483647;
			files = (
				8A5CFBA614C10E3900511973 /* VUAppDelegate.m in Sources */,
				8A5CFBBF14C1111D00511973 /* VUFlattr.m in Sources */,
				8A5CFBC614C116EE00511973 /* VUViewController.m in Sources */,
				8A5CFBDB14C11A1500511973 /* main.m in Sources */,
				8A5CFBDE14C11BBD00511973 /* VUAuthViewController.m in Sources */,
				8A5CFBE114C1276100511973 /* VUFlattrUser.m in Sources */,
				8A5CFBE414C1277400511973 /* VUFlattrThing.m in Sources */,
				8A5CFBEB14C12C2400511973 /* VUFlattrElement.m in Sources */,
				8A5CFBEF14C1374E00511973 /* NXOAuth2Request+Bearer.m in Sources */,
			);
			runOnlyForDeploymentPostprocessing = 0;
		};
		8ACC593C14DEDD4800FE8DE9 /* Sources */ = {
			isa = PBXSourcesBuildPhase;
			buildActionMask = 2147483647;
			files = (
				8ACC594C14DEDD7B00FE8DE9 /* NXOAuth2Request+Bearer.m in Sources */,
				8ACC594D14DEDD7B00FE8DE9 /* VUAuthViewController.m in Sources */,
				8ACC594E14DEDD7B00FE8DE9 /* VUFlattr.m in Sources */,
				8ACC594F14DEDD7B00FE8DE9 /* VUFlattrElement.m in Sources */,
				8ACC595014DEDD7B00FE8DE9 /* VUFlattrThing.m in Sources */,
				8ACC595114DEDD7B00FE8DE9 /* VUFlattrUser.m in Sources */,
			);
			runOnlyForDeploymentPostprocessing = 0;
		};
/* End PBXSourcesBuildPhase section */

/* Begin XCBuildConfiguration section */
		8A5CFBA714C10E3900511973 /* Debug */ = {
			isa = XCBuildConfiguration;
			buildSettings = {
				ALWAYS_SEARCH_USER_PATHS = NO;
				ARCHS = "$(ARCHS_STANDARD_32_BIT)";
				CLANG_ENABLE_OBJC_ARC = YES;
				"CODE_SIGN_IDENTITY[sdk=iphoneos*]" = "iPhone Developer";
				COPY_PHASE_STRIP = NO;
				GCC_C_LANGUAGE_STANDARD = gnu99;
				GCC_DYNAMIC_NO_PIC = NO;
				GCC_OPTIMIZATION_LEVEL = 0;
				GCC_PREPROCESSOR_DEFINITIONS = (
					"DEBUG=1",
					"$(inherited)",
				);
				GCC_SYMBOLS_PRIVATE_EXTERN = NO;
				GCC_TREAT_WARNINGS_AS_ERRORS = YES;
				GCC_VERSION = com.apple.compilers.llvm.clang.1_0;
				GCC_WARN_ABOUT_MISSING_PROTOTYPES = YES;
				GCC_WARN_ABOUT_RETURN_TYPE = YES;
				GCC_WARN_UNUSED_VARIABLE = YES;
				HEADER_SEARCH_PATHS = "OAuth2Client/**";
				IPHONEOS_DEPLOYMENT_TARGET = 5.0;
				OTHER_LDFLAGS = "-ObjC";
				SDKROOT = iphoneos;
			};
			name = Debug;
		};
		8A5CFBA814C10E3900511973 /* Release */ = {
			isa = XCBuildConfiguration;
			buildSettings = {
				ALWAYS_SEARCH_USER_PATHS = NO;
				ARCHS = "$(ARCHS_STANDARD_32_BIT)";
				CLANG_ENABLE_OBJC_ARC = YES;
				"CODE_SIGN_IDENTITY[sdk=iphoneos*]" = "iPhone Developer";
				COPY_PHASE_STRIP = YES;
				GCC_C_LANGUAGE_STANDARD = gnu99;
				GCC_TREAT_WARNINGS_AS_ERRORS = YES;
				GCC_VERSION = com.apple.compilers.llvm.clang.1_0;
				GCC_WARN_ABOUT_MISSING_PROTOTYPES = YES;
				GCC_WARN_ABOUT_RETURN_TYPE = YES;
				GCC_WARN_UNUSED_VARIABLE = YES;
				HEADER_SEARCH_PATHS = "OAuth2Client/**";
				IPHONEOS_DEPLOYMENT_TARGET = 5.0;
				OTHER_CFLAGS = "-DNS_BLOCK_ASSERTIONS=1";
				OTHER_LDFLAGS = "-ObjC";
				SDKROOT = iphoneos;
				VALIDATE_PRODUCT = YES;
			};
			name = Release;
		};
		8A5CFBAA14C10E3900511973 /* Debug */ = {
			isa = XCBuildConfiguration;
			buildSettings = {
				GCC_PRECOMPILE_PREFIX_HEADER = YES;
				GCC_PREFIX_HEADER = "FlattrKit/FlattrKit-Prefix.pch";
				INFOPLIST_FILE = "Example/FlattrKit-Info.plist";
				IPHONEOS_DEPLOYMENT_TARGET = 5.0;
				PRODUCT_NAME = "$(TARGET_NAME)";
				WRAPPER_EXTENSION = app;
			};
			name = Debug;
		};
		8A5CFBAB14C10E3900511973 /* Release */ = {
			isa = XCBuildConfiguration;
			buildSettings = {
				GCC_PRECOMPILE_PREFIX_HEADER = YES;
				GCC_PREFIX_HEADER = "FlattrKit/FlattrKit-Prefix.pch";
				INFOPLIST_FILE = "Example/FlattrKit-Info.plist";
				IPHONEOS_DEPLOYMENT_TARGET = 5.0;
				PRODUCT_NAME = "$(TARGET_NAME)";
				WRAPPER_EXTENSION = app;
			};
			name = Release;
		};
		8ACC594814DEDD4800FE8DE9 /* Debug */ = {
			isa = XCBuildConfiguration;
			buildSettings = {
				DSTROOT = /tmp/libFlattrKit.dst;
				GCC_PRECOMPILE_PREFIX_HEADER = YES;
				GCC_PREFIX_HEADER = "FlattrKit/FlattrKit-Prefix.pch";
				OTHER_LDFLAGS = "-ObjC";
				PRODUCT_NAME = FlattrKit;
				SKIP_INSTALL = YES;
			};
			name = Debug;
		};
		8ACC594914DEDD4800FE8DE9 /* Release */ = {
			isa = XCBuildConfiguration;
			buildSettings = {
				DSTROOT = /tmp/libFlattrKit.dst;
				GCC_PRECOMPILE_PREFIX_HEADER = YES;
				GCC_PREFIX_HEADER = "FlattrKit/FlattrKit-Prefix.pch";
				OTHER_LDFLAGS = "-ObjC";
				PRODUCT_NAME = FlattrKit;
				SKIP_INSTALL = YES;
			};
			name = Release;
		};
/* End XCBuildConfiguration section */

/* Begin XCConfigurationList section */
		8A5CFB8B14C10E3800511973 /* Build configuration list for PBXProject "FlattrKit" */ = {
			isa = XCConfigurationList;
			buildConfigurations = (
				8A5CFBA714C10E3900511973 /* Debug */,
				8A5CFBA814C10E3900511973 /* Release */,
			);
			defaultConfigurationIsVisible = 0;
			defaultConfigurationName = Release;
		};
		8A5CFBA914C10E3900511973 /* Build configuration list for PBXNativeTarget "FlattrKit" */ = {
			isa = XCConfigurationList;
			buildConfigurations = (
				8A5CFBAA14C10E3900511973 /* Debug */,
				8A5CFBAB14C10E3900511973 /* Release */,
			);
			defaultConfigurationIsVisible = 0;
			defaultConfigurationName = Release;
		};
		8ACC594A14DEDD4800FE8DE9 /* Build configuration list for PBXNativeTarget "libFlattrKit" */ = {
			isa = XCConfigurationList;
			buildConfigurations = (
				8ACC594814DEDD4800FE8DE9 /* Debug */,
				8ACC594914DEDD4800FE8DE9 /* Release */,
			);
			defaultConfigurationIsVisible = 0;
			defaultConfigurationName = Release;
		};
/* End XCConfigurationList section */
	};
	rootObject = 8A5CFB8814C10E3800511973 /* Project object */;
}
